
Microsoft Visual Studio Solution File, Format Version 12.00
# Visual Studio Version 17
VisualStudioVersion = 17.3.32901.215
MinimumVisualStudioVersion = 10.0.40219.1
Project("{FAE04EC0-301F-11D3-BF4B-00C04F79EFBC}") = "SpTrans-Service", "SpTrans-Service\SpTrans-Service.csproj", "{0E4739AB-E090-4F3A-A8B4-29B22C96CD4D}"
EndProject
Global
	GlobalSection(SolutionConfigurationPlatforms) = preSolution
		Debug|Any CPU = Debug|Any CPU
		Release|Any CPU = Release|Any CPU
	EndGlobalSection
	GlobalSection(ProjectConfigurationPlatforms) = postSolution
		{0E4739AB-E090-4F3A-A8B4-29B22C96CD4D}.Debug|Any CPU.ActiveCfg = Debug|Any CPU
		{0E4739AB-E090-4F3A-A8B4-29B22C96CD4D}.Debug|Any CPU.Build.0 = Debug|Any CPU
		{0E4739AB-E090-4F3A-A8B4-29B22C96CD4D}.Release|Any CPU.ActiveCfg = Release|Any CPU
		{0E4739AB-E090-4F3A-A8B4-29B22C96CD4D}.Release|Any CPU.Build.0 = Release|Any CPU
	EndGlobalSection
	GlobalSection(SolutionProperties) = preSolution
		HideSolutionNode = FALSE
	EndGlobalSection
	GlobalSection(ExtensibilityGlobals) = postSolution
		SolutionGuid = {E883F470-7C5C-4B5F-8D28-25D389B95D3C}
	EndGlobalSection
EndGlobal
